
Microsoft Visual Studio Solution File, Format Version 12.00
# Visual Studio Version 16
VisualStudioVersion = 16.0.29613.14
MinimumVisualStudioVersion = 15.0.26124.0
Project("{2150E333-8FDC-42A3-9474-1A3956D46DE8}") = "src", "src", "{EC4EA53C-0938-47F0-9B99-EA5F62B60363}"
EndProject
Project("{2150E333-8FDC-42A3-9474-1A3956D46DE8}") = "tests", "tests", "{C8ECE026-E4D7-49CE-99F8-15E1999029ED}"
EndProject
Project("{9A19103F-16F7-4668-BE54-9A1E7A4F7556}") = "CleanArchitecture.Core", "src\CleanArchitecture.Core\CleanArchitecture.Core.csproj", "{78DD1F28-0F58-45D4-99E9-47307713787D}"
EndProject
Project("{9A19103F-16F7-4668-BE54-9A1E7A4F7556}") = "CleanArchitecture.UnitTest", "tests\CleanArchitecture.UnitTest\CleanArchitecture.UnitTest.csproj", "{F05D1E15-451A-4B3B-85DF-AED9498F91B4}"
EndProject
Project("{9A19103F-16F7-4668-BE54-9A1E7A4F7556}") = "CleanArchitecture.WebApi", "src\CleanArchitecture.WebApi\CleanArchitecture.WebApi.csproj", "{9B802C9D-2DDA-4497-BB47-ECCF6ED5125D}"
EndProject
Project("{9A19103F-16F7-4668-BE54-9A1E7A4F7556}") = "CleanArchitecture.Infrastructure", "src\CleanArchitecture.Infrastructure\CleanArchitecture.Infrastructure.csproj", "{712ACD8B-C104-430D-82F8-B5DDC5D9063B}"
EndProject
Project("{FAE04EC0-301F-11D3-BF4B-00C04F79EFBC}") = "CleanArchitecture.ConsoleApp", "src\CleanArchitecture.Console\CleanArchitecture.ConsoleApp.csproj", "{A722C8BC-549C-4984-B999-4C82CC7F9E0B}"
EndProject
Global
	GlobalSection(SolutionConfigurationPlatforms) = preSolution
		Debug|Any CPU = Debug|Any CPU
		Debug|x64 = Debug|x64
		Debug|x86 = Debug|x86
		Release|Any CPU = Release|Any CPU
		Release|x64 = Release|x64
		Release|x86 = Release|x86
	EndGlobalSection
	GlobalSection(ProjectConfigurationPlatforms) = postSolution
		{78DD1F28-0F58-45D4-99E9-47307713787D}.Debug|Any CPU.ActiveCfg = Debug|Any CPU
		{78DD1F28-0F58-45D4-99E9-47307713787D}.Debug|Any CPU.Build.0 = Debug|Any CPU
		{78DD1F28-0F58-45D4-99E9-47307713787D}.Debug|x64.ActiveCfg = Debug|Any CPU
		{78DD1F28-0F58-45D4-99E9-47307713787D}.Debug|x64.Build.0 = Debug|Any CPU
		{78DD1F28-0F58-45D4-99E9-47307713787D}.Debug|x86.ActiveCfg = Debug|Any CPU
		{78DD1F28-0F58-45D4-99E9-47307713787D}.Debug|x86.Build.0 = Debug|Any CPU
		{78DD1F28-0F58-45D4-99E9-47307713787D}.Release|Any CPU.ActiveCfg = Release|Any CPU
		{78DD1F28-0F58-45D4-99E9-47307713787D}.Release|Any CPU.Build.0 = Release|Any CPU
		{78DD1F28-0F58-45D4-99E9-47307713787D}.Release|x64.ActiveCfg = Release|Any CPU
		{78DD1F28-0F58-45D4-99E9-47307713787D}.Release|x64.Build.0 = Release|Any CPU
		{78DD1F28-0F58-45D4-99E9-47307713787D}.Release|x86.ActiveCfg = Release|Any CPU
		{78DD1F28-0F58-45D4-99E9-47307713787D}.Release|x86.Build.0 = Release|Any CPU
		{F05D1E15-451A-4B3B-85DF-AED9498F91B4}.Debug|Any CPU.ActiveCfg = Debug|Any CPU
		{F05D1E15-451A-4B3B-85DF-AED9498F91B4}.Debug|Any CPU.Build.0 = Debug|Any CPU
		{F05D1E15-451A-4B3B-85DF-AED9498F91B4}.Debug|x64.ActiveCfg = Debug|Any CPU
		{F05D1E15-451A-4B3B-85DF-AED9498F91B4}.Debug|x64.Build.0 = Debug|Any CPU
		{F05D1E15-451A-4B3B-85DF-AED9498F91B4}.Debug|x86.ActiveCfg = Debug|Any CPU
		{F05D1E15-451A-4B3B-85DF-AED9498F91B4}.Debug|x86.Build.0 = Debug|Any CPU
		{F05D1E15-451A-4B3B-85DF-AED9498F91B4}.Release|Any CPU.ActiveCfg = Release|Any CPU
		{F05D1E15-451A-4B3B-85DF-AED9498F91B4}.Release|Any CPU.Build.0 = Release|Any CPU
		{F05D1E15-451A-4B3B-85DF-AED9498F91B4}.Release|x64.ActiveCfg = Release|Any CPU
		{F05D1E15-451A-4B3B-85DF-AED9498F91B4}.Release|x64.Build.0 = Release|Any CPU
		{F05D1E15-451A-4B3B-85DF-AED9498F91B4}.Release|x86.ActiveCfg = Release|Any CPU
		{F05D1E15-451A-4B3B-85DF-AED9498F91B4}.Release|x86.Build.0 = Release|Any CPU
		{9B802C9D-2DDA-4497-BB47-ECCF6ED5125D}.Debug|Any CPU.ActiveCfg = Debug|Any CPU
		{9B802C9D-2DDA-4497-BB47-ECCF6ED5125D}.Debug|Any CPU.Build.0 = Debug|Any CPU
		{9B802C9D-2DDA-4497-BB47-ECCF6ED5125D}.Debug|x64.ActiveCfg = Debug|Any CPU
		{9B802C9D-2DDA-4497-BB47-ECCF6ED5125D}.Debug|x64.Build.0 = Debug|Any CPU
		{9B802C9D-2DDA-4497-BB47-ECCF6ED5125D}.Debug|x86.ActiveCfg = Debug|Any CPU
		{9B802C9D-2DDA-4497-BB47-ECCF6ED5125D}.Debug|x86.Build.0 = Debug|Any CPU
		{9B802C9D-2DDA-4497-BB47-ECCF6ED5125D}.Release|Any CPU.ActiveCfg = Release|Any CPU
		{9B802C9D-2DDA-4497-BB47-ECCF6ED5125D}.Release|Any CPU.Build.0 = Release|Any CPU
		{9B802C9D-2DDA-4497-BB47-ECCF6ED5125D}.Release|x64.ActiveCfg = Release|Any CPU
		{9B802C9D-2DDA-4497-BB47-ECCF6ED5125D}.Release|x64.Build.0 = Release|Any CPU
		{9B802C9D-2DDA-4497-BB47-ECCF6ED5125D}.Release|x86.ActiveCfg = Release|Any CPU
		{9B802C9D-2DDA-4497-BB47-ECCF6ED5125D}.Release|x86.Build.0 = Release|Any CPU
		{712ACD8B-C104-430D-82F8-B5DDC5D9063B}.Debug|Any CPU.ActiveCfg = Debug|Any CPU
		{712ACD8B-C104-430D-82F8-B5DDC5D9063B}.Debug|Any CPU.Build.0 = Debug|Any CPU
		{712ACD8B-C104-430D-82F8-B5DDC5D9063B}.Debug|x64.ActiveCfg = Debug|Any CPU
		{712ACD8B-C104-430D-82F8-B5DDC5D9063B}.Debug|x64.Build.0 = Debug|Any CPU
		{712ACD8B-C104-430D-82F8-B5DDC5D9063B}.Debug|x86.ActiveCfg = Debug|Any CPU
		{712ACD8B-C104-430D-82F8-B5DDC5D9063B}.Debug|x86.Build.0 = Debug|Any CPU
		{712ACD8B-C104-430D-82F8-B5DDC5D9063B}.Release|Any CPU.ActiveCfg = Release|Any CPU
		{712ACD8B-C104-430D-82F8-B5DDC5D9063B}.Release|Any CPU.Build.0 = Release|Any CPU
		{712ACD8B-C104-430D-82F8-B5DDC5D9063B}.Release|x64.ActiveCfg = Release|Any CPU
		{712ACD8B-C104-430D-82F8-B5DDC5D9063B}.Release|x64.Build.0 = Release|Any CPU
		{712ACD8B-C104-430D-82F8-B5DDC5D9063B}.Release|x86.ActiveCfg = Release|Any CPU
		{712ACD8B-C104-430D-82F8-B5DDC5D9063B}.Release|x86.Build.0 = Release|Any CPU
		{A722C8BC-549C-4984-B999-4C82CC7F9E0B}.Debug|Any CPU.ActiveCfg = Debug|Any CPU
		{A722C8BC-549C-4984-B999-4C82CC7F9E0B}.Debug|Any CPU.Build.0 = Debug|Any CPU
		{A722C8BC-549C-4984-B999-4C82CC7F9E0B}.Debug|x64.ActiveCfg = Debug|Any CPU
		{A722C8BC-549C-4984-B999-4C82CC7F9E0B}.Debug|x64.Build.0 = Debug|Any CPU
		{A722C8BC-549C-4984-B999-4C82CC7F9E0B}.Debug|x86.ActiveCfg = Debug|Any CPU
		{A722C8BC-549C-4984-B999-4C82CC7F9E0B}.Debug|x86.Build.0 = Debug|Any CPU
		{A722C8BC-549C-4984-B999-4C82CC7F9E0B}.Release|Any CPU.ActiveCfg = Release|Any CPU
		{A722C8BC-549C-4984-B999-4C82CC7F9E0B}.Release|Any CPU.Build.0 = Release|Any CPU
		{A722C8BC-549C-4984-B999-4C82CC7F9E0B}.Release|x64.ActiveCfg = Release|Any CPU
		{A722C8BC-549C-4984-B999-4C82CC7F9E0B}.Release|x64.Build.0 = Release|Any CPU
		{A722C8BC-549C-4984-B999-4C82CC7F9E0B}.Release|x86.ActiveCfg = Release|Any CPU
		{A722C8BC-549C-4984-B999-4C82CC7F9E0B}.Release|x86.Build.0 = Release|Any CPU
	EndGlobalSection
	GlobalSection(SolutionProperties) = preSolution
		HideSolutionNode = FALSE
	EndGlobalSection
	GlobalSection(NestedProjects) = preSolution
		{78DD1F28-0F58-45D4-99E9-47307713787D} = {EC4EA53C-0938-47F0-9B99-EA5F62B60363}
		{F05D1E15-451A-4B3B-85DF-AED9498F91B4} = {C8ECE026-E4D7-49CE-99F8-15E1999029ED}
		{9B802C9D-2DDA-4497-BB47-ECCF6ED5125D} = {EC4EA53C-0938-47F0-9B99-EA5F62B60363}
		{712ACD8B-C104-430D-82F8-B5DDC5D9063B} = {EC4EA53C-0938-47F0-9B99-EA5F62B60363}
		{A722C8BC-549C-4984-B999-4C82CC7F9E0B} = {EC4EA53C-0938-47F0-9B99-EA5F62B60363}
	EndGlobalSection
	GlobalSection(ExtensibilityGlobals) = postSolution
		SolutionGuid = {C553F889-D0FE-4BEA-A846-E98A5F1D2623}
	EndGlobalSection
EndGlobal
