
Microsoft Visual Studio Solution File, Format Version 12.00
# Visual Studio Version 16
VisualStudioVersion = 16.0.29728.190
MinimumVisualStudioVersion = 15.0.26124.0
Project("{9A19103F-16F7-4668-BE54-9A1E7A4F7556}") = "CleanArchitecture.UnitTest", "CleanArchitecture.UnitTest\CleanArchitecture.UnitTest.csproj", "{0469B937-9239-427A-B17F-F7B9918AE319}"
EndProject
Global
	GlobalSection(SolutionConfigurationPlatforms) = preSolution
		Debug|Any CPU = Debug|Any CPU
		Debug|x64 = Debug|x64
		Debug|x86 = Debug|x86
		Release|Any CPU = Release|Any CPU
		Release|x64 = Release|x64
		Release|x86 = Release|x86
	EndGlobalSection
	GlobalSection(ProjectConfigurationPlatforms) = postSolution
		{0469B937-9239-427A-B17F-F7B9918AE319}.Debug|Any CPU.ActiveCfg = Debug|Any CPU
		{0469B937-9239-427A-B17F-F7B9918AE319}.Debug|Any CPU.Build.0 = Debug|Any CPU
		{0469B937-9239-427A-B17F-F7B9918AE319}.Debug|x64.ActiveCfg = Debug|Any CPU
		{0469B937-9239-427A-B17F-F7B9918AE319}.Debug|x64.Build.0 = Debug|Any CPU
		{0469B937-9239-427A-B17F-F7B9918AE319}.Debug|x86.ActiveCfg = Debug|Any CPU
		{0469B937-9239-427A-B17F-F7B9918AE319}.Debug|x86.Build.0 = Debug|Any CPU
		{0469B937-9239-427A-B17F-F7B9918AE319}.Release|Any CPU.ActiveCfg = Release|Any CPU
		{0469B937-9239-427A-B17F-F7B9918AE319}.Release|Any CPU.Build.0 = Release|Any CPU
		{0469B937-9239-427A-B17F-F7B9918AE319}.Release|x64.ActiveCfg = Release|Any CPU
		{0469B937-9239-427A-B17F-F7B9918AE319}.Release|x64.Build.0 = Release|Any CPU
		{0469B937-9239-427A-B17F-F7B9918AE319}.Release|x86.ActiveCfg = Release|Any CPU
		{0469B937-9239-427A-B17F-F7B9918AE319}.Release|x86.Build.0 = Release|Any CPU
	EndGlobalSection
	GlobalSection(SolutionProperties) = preSolution
		HideSolutionNode = FALSE
	EndGlobalSection
	GlobalSection(ExtensibilityGlobals) = postSolution
		SolutionGuid = {0467E1B2-C0F3-4883-A81B-66BB6E955882}
	EndGlobalSection
EndGlobal
